
Microsoft Visual Studio Solution File, Format Version 12.00
# Visual Studio 15
Project("{FAE04EC0-301F-11D3-BF4B-00C04F79EFBC}") = "BankEncapsulation", "BankEncapsulation\BankEncapsulation.csproj", "{C2D40DA4-FF50-419A-A419-B8C743724632}"
EndProject
Global
	GlobalSection(SolutionConfigurationPlatforms) = preSolution
		Debug|Any CPU = Debug|Any CPU
		Release|Any CPU = Release|Any CPU
	EndGlobalSection
	GlobalSection(ProjectConfigurationPlatforms) = postSolution
		{C2D40DA4-FF50-419A-A419-B8C743724632}.Debug|Any CPU.ActiveCfg = Debug|Any CPU
		{C2D40DA4-FF50-419A-A419-B8C743724632}.Debug|Any CPU.Build.0 = Debug|Any CPU
		{C2D40DA4-FF50-419A-A419-B8C743724632}.Release|Any CPU.ActiveCfg = Release|Any CPU
		{C2D40DA4-FF50-419A-A419-B8C743724632}.Release|Any CPU.Build.0 = Release|Any CPU
	EndGlobalSection
EndGlobal
